<?xml version="1.0" encoding="utf-8"?>
<Project ToolsVersion="4.0" xmlns="http://schemas.microsoft.com/developer/msbuild/2003">
  <ItemGroup>
    <Filter Include="Source Files">
      <UniqueIdentifier>{4FC737F1-C7A5-4376-A066-2A32D752A2FF}</UniqueIdentifier>
      <Extensions>cpp;c;cc;cxx;c++;cppm;ixx;def;odl;idl;hpj;bat;asm;asmx</Extensions>
    </Filter>
    <Filter Include="Header Files">
      <UniqueIdentifier>{93995380-89BD-4b04-88EB-625FBE52EBFB}</UniqueIdentifier>
      <Extensions>h;hh;hpp;hxx;h++;hm;inl;inc;ipp;xsd</Extensions>
    </Filter>
    <Filter Include="Resource Files">
      <UniqueIdentifier>{67DA6AB6-F800-4c08-8B7A-83BB121AAD01}</UniqueIdentifier>
      <Extensions>rc;ico;cur;bmp;dlg;rc2;rct;bin;rgs;gif;jpg;jpeg;jpe;resx;tiff;tif;png;wav;mfcribbon-ms</Extensions>
    </Filter>
    <Filter Include="Object">
      <UniqueIdentifier>{3e115a52-d0da-47e4-87a8-29dfc1ddfb2a}</UniqueIdentifier>
    </Filter>
    <Filter Include="Renderers">
      <UniqueIdentifier>{e38098a3-e2d4-4dc1-a9cc-ffab0e398905}</UniqueIdentifier>
    </Filter>
    <Filter Include="Component">
      <UniqueIdentifier>{6b98ecfc-d714-4dfe-8575-295ec0e874a8}</UniqueIdentifier>
    </Filter>
    <Filter Include="Define">
      <UniqueIdentifier>{991501bb-33ae-4662-af0f-36f1b227f64b}</UniqueIdentifier>
    </Filter>
    <Filter Include="Utility">
      <UniqueIdentifier>{484c2692-9984-4b3a-8718-4fdd4e7cce48}</UniqueIdentifier>
    </Filter>
    <Filter Include="Renderers\Shader">
      <UniqueIdentifier>{c5323eed-f528-466b-bd17-032f5bfda515}</UniqueIdentifier>
    </Filter>
    <Filter Include="Libraries">
      <UniqueIdentifier>{1de93f64-28a7-4a2f-949b-f8e1e5af581e}</UniqueIdentifier>
    </Filter>
    <Filter Include="Libraries\Ufbx">
      <UniqueIdentifier>{0044f5b3-411a-4bc8-babb-930125b798a4}</UniqueIdentifier>
    </Filter>
    <Filter Include="Libraries\nlohmann">
      <UniqueIdentifier>{8b145660-84a1-4213-8b98-cb8cfe2658c6}</UniqueIdentifier>
    </Filter>
    <Filter Include="Assets">
      <UniqueIdentifier>{2ea53f86-e9ca-4467-a598-ff02afd67c22}</UniqueIdentifier>
    </Filter>
    <Filter Include="Assets\Shader">
      <UniqueIdentifier>{a1c83662-ba2a-4eba-a8ac-3979cdeefad8}</UniqueIdentifier>
    </Filter>
    <Filter Include="FPGameInstance">
      <UniqueIdentifier>{73f7a809-2b88-4b57-83f4-4e10742310a1}</UniqueIdentifier>
    </Filter>
    <Filter Include="FPGameInstance\Header Files">
      <UniqueIdentifier>{4db09870-4758-4cef-98cc-c787de365f90}</UniqueIdentifier>
    </Filter>
    <Filter Include="FPGameInstance\Source Files">
      <UniqueIdentifier>{12326347-c196-44b5-91da-aa7f4b35b10e}</UniqueIdentifier>
    </Filter>
    <Filter Include="RenderAsset">
      <UniqueIdentifier>{2aaab95f-cc58-4da8-98f4-3d5acd134882}</UniqueIdentifier>
    </Filter>
    <Filter Include="Material">
      <UniqueIdentifier>{83a9c508-8769-4482-b25a-88f2ee8d7c64}</UniqueIdentifier>
    </Filter>
    <Filter Include="Component\Mesh">
      <UniqueIdentifier>{196c86d0-1c45-40e6-ac9b-7c7a677f5b4a}</UniqueIdentifier>
    </Filter>
  </ItemGroup>
  <ItemGroup>
    <ClInclude Include="framework.h">
      <Filter>Header Files</Filter>
    </ClInclude>
    <ClInclude Include="ForestPearlEngine.h">
      <Filter>Header Files</Filter>
    </ClInclude>
    <ClInclude Include="Object\Actor.h">
      <Filter>Object</Filter>
    </ClInclude>
    <ClInclude Include="Object\Object.h">
      <Filter>Object</Filter>
    </ClInclude>
    <ClInclude Include="GameProjectLoader.h">
      <Filter>Header Files</Filter>
    </ClInclude>
    <ClInclude Include="FPWorld.h">
      <Filter>Header Files</Filter>
    </ClInclude>
    <ClInclude Include="Systems\KeyStateEnum.h">
      <Filter>Header Files</Filter>
    </ClInclude>
    <ClInclude Include="Object\Components\InputAction.h">
      <Filter>Header Files</Filter>
    </ClInclude>
    <ClInclude Include="Object\Components\InputMappingContext.h">
      <Filter>Header Files</Filter>
    </ClInclude>
    <ClInclude Include="FPAController.h">
      <Filter>Header Files</Filter>
    </ClInclude>
    <ClInclude Include="FPAGameMode.h">
      <Filter>Header Files</Filter>
    </ClInclude>
    <ClInclude Include="Object\Components\InputComponent.h">
      <Filter>Header Files</Filter>
    </ClInclude>
    <ClInclude Include="FPActorComponent.h">
      <Filter>Component</Filter>
    </ClInclude>
    <ClInclude Include="FPSceneComponent.h">
      <Filter>Component</Filter>
    </ClInclude>
    <ClInclude Include="FPPrimitiveComponent.h">
      <Filter>Component</Filter>
    </ClInclude>
    <ClInclude Include="Define\FPMath.h">
      <Filter>Define</Filter>
    </ClInclude>
    <ClInclude Include="FPMovementComponent.h">
      <Filter>Component</Filter>
    </ClInclude>
    <ClInclude Include="Utility\FPGameplayStatics.h">
      <Filter>Utility</Filter>
    </ClInclude>
    <ClInclude Include="Renderers\Renderer.h">
      <Filter>Renderers</Filter>
    </ClInclude>
    <ClInclude Include="Renderers\RenderingDevice.h">
      <Filter>Renderers</Filter>
    </ClInclude>
    <ClInclude Include="Shader\ShaderFactory.h">
      <Filter>Renderers\Shader</Filter>
    </ClInclude>
    <ClInclude Include="FPCameraComponent.h">
      <Filter>Component</Filter>
    </ClInclude>
    <ClInclude Include="MCLOG.h">
      <Filter>Header Files</Filter>
    </ClInclude>
    <ClInclude Include="Libraries\Ufbx\ufbx.h">
      <Filter>Libraries\Ufbx</Filter>
    </ClInclude>
    <ClInclude Include="Renderers\FPRenderingCommon.h">
      <Filter>Renderers</Filter>
    </ClInclude>
    <ClInclude Include="GizmoComponent.h">
      <Filter>Component</Filter>
    </ClInclude>
    <ClInclude Include="Libraries\nlohmann\json.hpp">
      <Filter>Libraries\nlohmann</Filter>
    </ClInclude>
    <ClInclude Include="FPTextComponent.h">
      <Filter>Component</Filter>
    </ClInclude>
    <ClInclude Include="Utility\FPPathManager.h">
      <Filter>Utility</Filter>
    </ClInclude>
    <ClInclude Include="Define\FPDataDefine.h">
      <Filter>Define</Filter>
    </ClInclude>
    <ClInclude Include="EngineLoader.h">
      <Filter>Header Files</Filter>
    </ClInclude>
    <ClInclude Include="FPAssetLoader.h">
      <Filter>FPGameInstance\Header Files</Filter>
    </ClInclude>
    <ClInclude Include="FPAssetManager.h">
      <Filter>FPGameInstance\Header Files</Filter>
    </ClInclude>
    <ClInclude Include="FPCameraList.h">
      <Filter>FPGameInstance\Header Files</Filter>
    </ClInclude>
    <ClInclude Include="FPGameInstance.h">
      <Filter>FPGameInstance\Header Files</Filter>
    </ClInclude>
    <ClInclude Include="FPGameInstanceSubSystem.h">
      <Filter>FPGameInstance\Header Files</Filter>
    </ClInclude>
    <ClInclude Include="FPGameProjectClassRegistry.h">
      <Filter>FPGameInstance\Header Files</Filter>
    </ClInclude>
    <ClInclude Include="FPGameTimer.h">
      <Filter>FPGameInstance\Header Files</Filter>
    </ClInclude>
    <ClInclude Include="FPMeshRenderList.h">
      <Filter>FPGameInstance\Header Files</Filter>
    </ClInclude>
    <ClInclude Include="FPTextRenderList.h">
      <Filter>FPGameInstance\Header Files</Filter>
    </ClInclude>
    <ClInclude Include="Systems\InputSystem.h">
      <Filter>FPGameInstance\Header Files</Filter>
    </ClInclude>
    <ClInclude Include="FPGameProjectSetting.h">
      <Filter>FPGameInstance\Header Files</Filter>
    </ClInclude>
    <ClInclude Include="FTransform.h">
      <Filter>Define</Filter>
    </ClInclude>
    <ClInclude Include="FPViewPortClient.h">
      <Filter>FPGameInstance\Header Files</Filter>
    </ClInclude>
    <ClInclude Include="FPSpringArmComponent.h">
      <Filter>Component</Filter>
    </ClInclude>
    <ClInclude Include="Object\FPPawn.h">
      <Filter>Object</Filter>
    </ClInclude>
    <ClInclude Include="FPStreamableRenderAssetr.h">
      <Filter>RenderAsset</Filter>
    </ClInclude>
    <ClInclude Include="FPStaticMesh.h">
      <Filter>RenderAsset</Filter>
    </ClInclude>
    <ClInclude Include="FPMaterial.h">
      <Filter>Material</Filter>
    </ClInclude>
    <ClInclude Include="FPMaterialInterface.h">
      <Filter>Material</Filter>
    </ClInclude>
    <ClInclude Include="FPMeshComponent.h">
      <Filter>Component\Mesh</Filter>
    </ClInclude>
    <ClInclude Include="FPStaticMeshComponent.h">
      <Filter>Component\Mesh</Filter>
    </ClInclude>
  </ItemGroup>
  <ItemGroup>
    <ClCompile Include="ForestPearlEngine.cpp">
      <Filter>Source Files</Filter>
    </ClCompile>
    <ClCompile Include="Object\Components\InputAction.cpp">
      <Filter>Source Files</Filter>
    </ClCompile>
    <ClCompile Include="Object\Components\InputMappingContext.cpp">
      <Filter>Source Files</Filter>
    </ClCompile>
    <ClCompile Include="FPAGameMode.cpp">
      <Filter>Source Files</Filter>
    </ClCompile>
    <ClCompile Include="FPAController.cpp">
      <Filter>Source Files</Filter>
    </ClCompile>
    <ClCompile Include="Object\Components\InputComponent.cpp">
      <Filter>Source Files</Filter>
    </ClCompile>
    <ClCompile Include="FPSceneComponent.cpp">
      <Filter>Component</Filter>
    </ClCompile>
    <ClCompile Include="Define\FPMath.cpp">
      <Filter>Define</Filter>
    </ClCompile>
    <ClCompile Include="FPMovementCompoent.cpp">
      <Filter>Component</Filter>
    </ClCompile>
    <ClCompile Include="FPMovementComponent.cpp">
      <Filter>Source Files</Filter>
    </ClCompile>
    <ClCompile Include="Object\Actor.cpp">
      <Filter>Object</Filter>
    </ClCompile>
    <ClCompile Include="Utility\FPGameplayStatics.cpp">
      <Filter>Utility</Filter>
    </ClCompile>
    <ClCompile Include="Renderers\Renderer.cpp">
      <Filter>Renderers</Filter>
    </ClCompile>
    <ClCompile Include="Renderers\RenderingDevice.cpp">
      <Filter>Renderers</Filter>
    </ClCompile>
    <ClCompile Include="Shader\ShaderFactory.cpp">
      <Filter>Renderers\Shader</Filter>
    </ClCompile>
    <ClCompile Include="FPCameraComponent.cpp">
      <Filter>Component</Filter>
    </ClCompile>
    <ClCompile Include="Libraries\Ufbx\ufbx.c">
      <Filter>Libraries\Ufbx</Filter>
    </ClCompile>
    <ClCompile Include="GizmoComponent.cpp">
      <Filter>Component</Filter>
    </ClCompile>
    <ClCompile Include="FPWorld.cpp">
      <Filter>Source Files</Filter>
    </ClCompile>
    <ClCompile Include="Utility\FPPathManager.cpp">
      <Filter>Utility</Filter>
    </ClCompile>
    <ClCompile Include="AssetLoader.cpp">
      <Filter>FPGameInstance\Source Files</Filter>
    </ClCompile>
    <ClCompile Include="FPAssetManager.cpp">
      <Filter>FPGameInstance\Source Files</Filter>
    </ClCompile>
    <ClCompile Include="FPCameraList.cpp">
      <Filter>FPGameInstance\Source Files</Filter>
    </ClCompile>
    <ClCompile Include="FPGameInstance.cpp">
      <Filter>FPGameInstance\Source Files</Filter>
    </ClCompile>
    <ClCompile Include="FPGameProjectClassRegistry.cpp">
      <Filter>FPGameInstance\Source Files</Filter>
    </ClCompile>
    <ClCompile Include="FPGameTimer.cpp">
      <Filter>FPGameInstance\Source Files</Filter>
    </ClCompile>
    <ClCompile Include="FPMeshRenderList.cpp">
      <Filter>FPGameInstance\Source Files</Filter>
    </ClCompile>
    <ClCompile Include="FPTextRenderList.cpp">
      <Filter>FPGameInstance\Source Files</Filter>
    </ClCompile>
    <ClCompile Include="Systems\InputSystem.cpp">
      <Filter>FPGameInstance\Source Files</Filter>
    </ClCompile>
    <ClCompile Include="FPGameProjectSetting.cpp">
      <Filter>FPGameInstance\Source Files</Filter>
    </ClCompile>
    <ClCompile Include="FPTextComponent.cpp">
      <Filter>Component</Filter>
    </ClCompile>
    <ClCompile Include="FPViewPortClient.cpp">
      <Filter>FPGameInstance\Source Files</Filter>
    </ClCompile>
    <ClCompile Include="FPSpringArmComponent.cpp">
      <Filter>Component</Filter>
    </ClCompile>
    <ClCompile Include="Object\FPPawn.cpp">
      <Filter>Object</Filter>
    </ClCompile>
    <ClCompile Include="FPMaterial.cpp">
      <Filter>Material</Filter>
    </ClCompile>
    <ClCompile Include="FPMeshComponent.cpp">
      <Filter>Component\Mesh</Filter>
    </ClCompile>
    <ClCompile Include="FPStaticMeshComponent.cpp">
      <Filter>Component\Mesh</Filter>
    </ClCompile>
    <ClCompile Include="FPStaticMesh.cpp">
      <Filter>RenderAsset</Filter>
    </ClCompile>
    <ClCompile Include="Define\FPDataDefine.cpp">
      <Filter>Define</Filter>
    </ClCompile>
  </ItemGroup>
  <ItemGroup>
    <FxCompile Include="Assets\Shader\DefaultPixelShader.psh">
      <Filter>Assets\Shader</Filter>
    </FxCompile>
    <FxCompile Include="Assets\Shader\DefaultVertexShader.vsh">
      <Filter>Assets\Shader</Filter>
    </FxCompile>
    <FxCompile Include="Assets\Shader\DefaultShader.fx">
      <Filter>Assets\Shader</Filter>
    </FxCompile>
  </ItemGroup>
</Project>