
Microsoft Visual Studio Solution File, Format Version 12.00
# Visual Studio Version 17
VisualStudioVersion = 17.14.37216.2
MinimumVisualStudioVersion = 10.0.40219.1
Project("{2150E333-8FDC-42A3-9474-1A3956D46DE8}") = "Engine", "Engine", "{02EA681E-C7D8-13C7-8484-4AC65E1B71E8}"
EndProject
Project("{8BC9CEB8-8B4A-11D0-8D11-00A0C91BC942}") = "ForestPearlEngine", "Engine\ForestPearlEngine\ForestPearlEngine.vcxproj", "{205FA360-9649-4928-92D6-1E9B3F0A0B9E}"
EndProject
Project("{2150E333-8FDC-42A3-9474-1A3956D46DE8}") = "Games", "Games", "{C1104179-D58E-4830-8C1F-B527E94E6800}"
EndProject
Project("{8BC9CEB8-8B4A-11D0-8D11-00A0C91BC942}") = "BaseGame", "Games\BaseGame\BaseGame.vcxproj", "{B64A70A8-69C4-486F-9950-ED5EF36D116F}"
EndProject
Project("{2150E333-8FDC-42A3-9474-1A3956D46DE8}") = "Runners", "Runners", "{1BA15253-6E08-4ACC-AA83-3225DEA45B87}"
EndProject
Project("{8BC9CEB8-8B4A-11D0-8D11-00A0C91BC942}") = "Runner", "Runners\Runner\Runner.vcxproj", "{0F5BE2BC-48F5-40DF-926A-5FFCA46FA0AE}"
EndProject
Project("{2150E333-8FDC-42A3-9474-1A3956D46DE8}") = "Renderers", "Renderers", "{1642BA96-6445-424A-809F-34E6652F5A40}"
EndProject
Project("{8BC9CEB8-8B4A-11D0-8D11-00A0C91BC942}") = "GDI", "Engine\ForestPearlEngine\Renderers\GDI\GDI.vcxproj", "{E96D3280-F6FF-43CD-89EE-B2F14FE824BE}"
EndProject
Project("{8BC9CEB8-8B4A-11D0-8D11-00A0C91BC942}") = "DOHWA", "Engine\ForestPearlEngine\Renderers\DOHWA\DOHWA\DOHWA.vcxproj", "{5409C873-2943-4B95-8D3A-5B8305F120C6}"
EndProject
Project("{8BC9CEB8-8B4A-11D0-8D11-00A0C91BC942}") = "FPRHI", "Engine\ForestPearlEngine\Renderers\FPRHI\FPRHI.vcxproj", "{A95D12E7-E8BE-48F1-8CC1-CEBA3C37A5FE}"
EndProject
Project("{8BC9CEB8-8B4A-11D0-8D11-00A0C91BC942}") = "DirectX", "Engine\ForestPearlEngine\Renderers\DirectX\DirectX.vcxproj", "{F4FFD354-4744-4564-A189-9A7313A23754}"
EndProject
Global
	GlobalSection(SolutionConfigurationPlatforms) = preSolution
		Debug|x64 = Debug|x64
		Debug|x86 = Debug|x86
		Release|x64 = Release|x64
		Release|x86 = Release|x86
	EndGlobalSection
	GlobalSection(ProjectConfigurationPlatforms) = postSolution
		{205FA360-9649-4928-92D6-1E9B3F0A0B9E}.Debug|x64.ActiveCfg = Debug|x64
		{205FA360-9649-4928-92D6-1E9B3F0A0B9E}.Debug|x64.Build.0 = Debug|x64
		{205FA360-9649-4928-92D6-1E9B3F0A0B9E}.Debug|x86.ActiveCfg = Debug|Win32
		{205FA360-9649-4928-92D6-1E9B3F0A0B9E}.Debug|x86.Build.0 = Debug|Win32
		{205FA360-9649-4928-92D6-1E9B3F0A0B9E}.Release|x64.ActiveCfg = Release|x64
		{205FA360-9649-4928-92D6-1E9B3F0A0B9E}.Release|x64.Build.0 = Release|x64
		{205FA360-9649-4928-92D6-1E9B3F0A0B9E}.Release|x86.ActiveCfg = Release|Win32
		{205FA360-9649-4928-92D6-1E9B3F0A0B9E}.Release|x86.Build.0 = Release|Win32
		{B64A70A8-69C4-486F-9950-ED5EF36D116F}.Debug|x64.ActiveCfg = Debug|x64
		{B64A70A8-69C4-486F-9950-ED5EF36D116F}.Debug|x64.Build.0 = Debug|x64
		{B64A70A8-69C4-486F-9950-ED5EF36D116F}.Debug|x86.ActiveCfg = Debug|Win32
		{B64A70A8-69C4-486F-9950-ED5EF36D116F}.Debug|x86.Build.0 = Debug|Win32
		{B64A70A8-69C4-486F-9950-ED5EF36D116F}.Release|x64.ActiveCfg = Release|x64
		{B64A70A8-69C4-486F-9950-ED5EF36D116F}.Release|x64.Build.0 = Release|x64
		{B64A70A8-69C4-486F-9950-ED5EF36D116F}.Release|x86.ActiveCfg = Release|Win32
		{B64A70A8-69C4-486F-9950-ED5EF36D116F}.Release|x86.Build.0 = Release|Win32
		{0F5BE2BC-48F5-40DF-926A-5FFCA46FA0AE}.Debug|x64.ActiveCfg = Debug|x64
		{0F5BE2BC-48F5-40DF-926A-5FFCA46FA0AE}.Debug|x64.Build.0 = Debug|x64
		{0F5BE2BC-48F5-40DF-926A-5FFCA46FA0AE}.Debug|x86.ActiveCfg = Debug|Win32
		{0F5BE2BC-48F5-40DF-926A-5FFCA46FA0AE}.Debug|x86.Build.0 = Debug|Win32
		{0F5BE2BC-48F5-40DF-926A-5FFCA46FA0AE}.Release|x64.ActiveCfg = Release|x64
		{0F5BE2BC-48F5-40DF-926A-5FFCA46FA0AE}.Release|x64.Build.0 = Release|x64
		{0F5BE2BC-48F5-40DF-926A-5FFCA46FA0AE}.Release|x86.ActiveCfg = Release|Win32
		{0F5BE2BC-48F5-40DF-926A-5FFCA46FA0AE}.Release|x86.Build.0 = Release|Win32
		{E96D3280-F6FF-43CD-89EE-B2F14FE824BE}.Debug|x64.ActiveCfg = Debug|x64
		{E96D3280-F6FF-43CD-89EE-B2F14FE824BE}.Debug|x64.Build.0 = Debug|x64
		{E96D3280-F6FF-43CD-89EE-B2F14FE824BE}.Debug|x86.ActiveCfg = Debug|Win32
		{E96D3280-F6FF-43CD-89EE-B2F14FE824BE}.Debug|x86.Build.0 = Debug|Win32
		{E96D3280-F6FF-43CD-89EE-B2F14FE824BE}.Release|x64.ActiveCfg = Release|x64
		{E96D3280-F6FF-43CD-89EE-B2F14FE824BE}.Release|x64.Build.0 = Release|x64
		{E96D3280-F6FF-43CD-89EE-B2F14FE824BE}.Release|x86.ActiveCfg = Release|Win32
		{E96D3280-F6FF-43CD-89EE-B2F14FE824BE}.Release|x86.Build.0 = Release|Win32
		{5409C873-2943-4B95-8D3A-5B8305F120C6}.Debug|x64.ActiveCfg = Debug|x64
		{5409C873-2943-4B95-8D3A-5B8305F120C6}.Debug|x64.Build.0 = Debug|x64
		{5409C873-2943-4B95-8D3A-5B8305F120C6}.Debug|x86.ActiveCfg = Debug|Win32
		{5409C873-2943-4B95-8D3A-5B8305F120C6}.Debug|x86.Build.0 = Debug|Win32
		{5409C873-2943-4B95-8D3A-5B8305F120C6}.Release|x64.ActiveCfg = Release|x64
		{5409C873-2943-4B95-8D3A-5B8305F120C6}.Release|x64.Build.0 = Release|x64
		{5409C873-2943-4B95-8D3A-5B8305F120C6}.Release|x86.ActiveCfg = Release|Win32
		{5409C873-2943-4B95-8D3A-5B8305F120C6}.Release|x86.Build.0 = Release|Win32
		{A95D12E7-E8BE-48F1-8CC1-CEBA3C37A5FE}.Debug|x64.ActiveCfg = Debug|x64
		{A95D12E7-E8BE-48F1-8CC1-CEBA3C37A5FE}.Debug|x64.Build.0 = Debug|x64
		{A95D12E7-E8BE-48F1-8CC1-CEBA3C37A5FE}.Debug|x86.ActiveCfg = Debug|Win32
		{A95D12E7-E8BE-48F1-8CC1-CEBA3C37A5FE}.Debug|x86.Build.0 = Debug|Win32
		{A95D12E7-E8BE-48F1-8CC1-CEBA3C37A5FE}.Release|x64.ActiveCfg = Release|x64
		{A95D12E7-E8BE-48F1-8CC1-CEBA3C37A5FE}.Release|x64.Build.0 = Release|x64
		{A95D12E7-E8BE-48F1-8CC1-CEBA3C37A5FE}.Release|x86.ActiveCfg = Release|Win32
		{A95D12E7-E8BE-48F1-8CC1-CEBA3C37A5FE}.Release|x86.Build.0 = Release|Win32
		{F4FFD354-4744-4564-A189-9A7313A23754}.Debug|x64.ActiveCfg = Debug|x64
		{F4FFD354-4744-4564-A189-9A7313A23754}.Debug|x64.Build.0 = Debug|x64
		{F4FFD354-4744-4564-A189-9A7313A23754}.Debug|x86.ActiveCfg = Debug|Win32
		{F4FFD354-4744-4564-A189-9A7313A23754}.Debug|x86.Build.0 = Debug|Win32
		{F4FFD354-4744-4564-A189-9A7313A23754}.Release|x64.ActiveCfg = Release|x64
		{F4FFD354-4744-4564-A189-9A7313A23754}.Release|x64.Build.0 = Release|x64
		{F4FFD354-4744-4564-A189-9A7313A23754}.Release|x86.ActiveCfg = Release|Win32
		{F4FFD354-4744-4564-A189-9A7313A23754}.Release|x86.Build.0 = Release|Win32
	EndGlobalSection
	GlobalSection(SolutionProperties) = preSolution
		HideSolutionNode = FALSE
	EndGlobalSection
	GlobalSection(NestedProjects) = preSolution
		{205FA360-9649-4928-92D6-1E9B3F0A0B9E} = {02EA681E-C7D8-13C7-8484-4AC65E1B71E8}
		{B64A70A8-69C4-486F-9950-ED5EF36D116F} = {C1104179-D58E-4830-8C1F-B527E94E6800}
		{0F5BE2BC-48F5-40DF-926A-5FFCA46FA0AE} = {1BA15253-6E08-4ACC-AA83-3225DEA45B87}
		{1642BA96-6445-424A-809F-34E6652F5A40} = {02EA681E-C7D8-13C7-8484-4AC65E1B71E8}
		{E96D3280-F6FF-43CD-89EE-B2F14FE824BE} = {1642BA96-6445-424A-809F-34E6652F5A40}
		{5409C873-2943-4B95-8D3A-5B8305F120C6} = {1642BA96-6445-424A-809F-34E6652F5A40}
		{A95D12E7-E8BE-48F1-8CC1-CEBA3C37A5FE} = {1642BA96-6445-424A-809F-34E6652F5A40}
		{F4FFD354-4744-4564-A189-9A7313A23754} = {1642BA96-6445-424A-809F-34E6652F5A40}
	EndGlobalSection
	GlobalSection(ExtensibilityGlobals) = postSolution
		SolutionGuid = {964F8A38-75AA-4C4E-898D-CAC2B108B674}
	EndGlobalSection
EndGlobal
