
Microsoft Visual Studio Solution File, Format Version 12.00
# Visual Studio Version 17
VisualStudioVersion = 17.14.37216.2
MinimumVisualStudioVersion = 10.0.40219.1
Project("{2150E333-8FDC-42A3-9474-1A3956D46DE8}") = "Engine", "Engine", "{02EA681E-C7D8-13C7-8484-4AC65E1B71E8}"
EndProject
Project("{8BC9CEB8-8B4A-11D0-8D11-00A0C91BC942}") = "ForestPearlEngine", "Engine\ForestPearlEngine\ForestPearlEngine.vcxproj", "{205FA360-9649-4928-92D6-1E9B3F0A0B9E}"
EndProject
Project("{2150E333-8FDC-42A3-9474-1A3956D46DE8}") = "Games", "Games", "{C1104179-D58E-4830-8C1F-B527E94E6800}"
EndProject
Project("{2150E333-8FDC-42A3-9474-1A3956D46DE8}") = "Runners", "Runners", "{1BA15253-6E08-4ACC-AA83-3225DEA45B87}"
EndProject
Project("{8BC9CEB8-8B4A-11D0-8D11-00A0C91BC942}") = "Runner", "Runners\Runner\Runner.vcxproj", "{0F5BE2BC-48F5-40DF-926A-5FFCA46FA0AE}"
EndProject
Project("{2150E333-8FDC-42A3-9474-1A3956D46DE8}") = "Renderers", "Renderers", "{1642BA96-6445-424A-809F-34E6652F5A40}"
EndProject
Project("{8BC9CEB8-8B4A-11D0-8D11-00A0C91BC942}") = "FPRHI", "Engine\ForestPearlEngine\Renderers\FPRHI\FPRHI.vcxproj", "{A95D12E7-E8BE-48F1-8CC1-CEBA3C37A5FE}"
EndProject
Project("{8BC9CEB8-8B4A-11D0-8D11-00A0C91BC942}") = "MIA", "Engine\ForestPearlEngine\Renderers\MIA\Mia.vcxproj", "{D3E46D9A-F8CF-4DE7-A092-FFBE9594079E}"
EndProject
Project("{8BC9CEB8-8B4A-11D0-8D11-00A0C91BC942}") = "05.Vertex(2D)+Face_Filling", "Games\05.Vertex(2D)+Face_Filling\05.Vertex(2D)+Face_Filling.vcxproj", "{B0995CD0-7675-48CD-90A8-AD584A4E1A04}"
EndProject
Project("{8BC9CEB8-8B4A-11D0-8D11-00A0C91BC942}") = "MIARHI", "Engine\ForestPearlEngine\Renderers\MIARHI\MIARHI.vcxproj", "{D3FABCDB-4967-4161-B929-B17617D4BB82}"
EndProject
Project("{8BC9CEB8-8B4A-11D0-8D11-00A0C91BC942}") = "DirectX", "Engine\ForestPearlEngine\Renderers\DirectX\DirectX.vcxproj", "{F4FFD354-4744-4564-A189-9A7313A23754}"
EndProject
Project("{8BC9CEB8-8B4A-11D0-8D11-00A0C91BC942}") = "DOHWA", "Engine\ForestPearlEngine\Renderers\DOHWA\DOHWA\DOHWA.vcxproj", "{5409C873-2943-4B95-8D3A-5B8305F120C6}"
EndProject
Project("{8BC9CEB8-8B4A-11D0-8D11-00A0C91BC942}") = "DOHWARHI", "Engine\ForestPearlEngine\Renderers\DOHWARHI\DOHWARHI.vcxproj", "{E57A5A88-B814-405F-A924-4C7B2BDBB47F}"
EndProject
Project("{8BC9CEB8-8B4A-11D0-8D11-00A0C91BC942}") = "BaseGame", "Games\BaseGame\BaseGame.vcxproj", "{B64A70A8-69C4-486F-9950-ED5EF36D116F}"
EndProject
Project("{8BC9CEB8-8B4A-11D0-8D11-00A0C91BC942}") = "HW_03_World+Rotation", "Games\HW_03_World+Rotation\HW_03_World+Rotation.vcxproj", "{3D64DE99-9FC1-4052-AAD8-97FC31BF41DF}"
EndProject
Project("{8BC9CEB8-8B4A-11D0-8D11-00A0C91BC942}") = "DrawSolarSystem", "Games\DrawSolarSystem\DrawSolarSystem.vcxproj", "{29C121C9-4F6C-47ED-B52D-E151BC76425D}"
EndProject
Project("{8BC9CEB8-8B4A-11D0-8D11-00A0C91BC942}") = "T06_Transform(I)_07_MatrixComp_(Move)_02", "Games\T06_Transform(I)_07_MatrixComp_(Move)_02\T06_Transform(I)_07_MatrixComp_(Move)_02.vcxproj", "{BDFFFD59-8B08-4AED-9DA7-22D1EDB5C5F0}"
EndProject
Project("{8BC9CEB8-8B4A-11D0-8D11-00A0C91BC942}") = "SolarSystem_Ver02", "Games\SolarSystem_Ver02\SolarSystem_Ver02.vcxproj", "{2A5811CF-EA4E-4AD3-88F4-015EBF368592}"
EndProject
Global
	GlobalSection(SolutionConfigurationPlatforms) = preSolution
		Debug|x64 = Debug|x64
		Debug|x86 = Debug|x86
		Release|x64 = Release|x64
		Release|x86 = Release|x86
	EndGlobalSection
	GlobalSection(ProjectConfigurationPlatforms) = postSolution
		{205FA360-9649-4928-92D6-1E9B3F0A0B9E}.Debug|x64.ActiveCfg = Debug|x64
		{205FA360-9649-4928-92D6-1E9B3F0A0B9E}.Debug|x64.Build.0 = Debug|x64
		{205FA360-9649-4928-92D6-1E9B3F0A0B9E}.Debug|x86.ActiveCfg = Debug|Win32
		{205FA360-9649-4928-92D6-1E9B3F0A0B9E}.Debug|x86.Build.0 = Debug|Win32
		{205FA360-9649-4928-92D6-1E9B3F0A0B9E}.Release|x64.ActiveCfg = Release|x64
		{205FA360-9649-4928-92D6-1E9B3F0A0B9E}.Release|x64.Build.0 = Release|x64
		{205FA360-9649-4928-92D6-1E9B3F0A0B9E}.Release|x86.ActiveCfg = Release|Win32
		{205FA360-9649-4928-92D6-1E9B3F0A0B9E}.Release|x86.Build.0 = Release|Win32
		{0F5BE2BC-48F5-40DF-926A-5FFCA46FA0AE}.Debug|x64.ActiveCfg = Debug|x64
		{0F5BE2BC-48F5-40DF-926A-5FFCA46FA0AE}.Debug|x64.Build.0 = Debug|x64
		{0F5BE2BC-48F5-40DF-926A-5FFCA46FA0AE}.Debug|x86.ActiveCfg = Debug|Win32
		{0F5BE2BC-48F5-40DF-926A-5FFCA46FA0AE}.Debug|x86.Build.0 = Debug|Win32
		{0F5BE2BC-48F5-40DF-926A-5FFCA46FA0AE}.Release|x64.ActiveCfg = Release|x64
		{0F5BE2BC-48F5-40DF-926A-5FFCA46FA0AE}.Release|x64.Build.0 = Release|x64
		{0F5BE2BC-48F5-40DF-926A-5FFCA46FA0AE}.Release|x86.ActiveCfg = Release|Win32
		{0F5BE2BC-48F5-40DF-926A-5FFCA46FA0AE}.Release|x86.Build.0 = Release|Win32
		{A95D12E7-E8BE-48F1-8CC1-CEBA3C37A5FE}.Debug|x64.ActiveCfg = Debug|x64
		{A95D12E7-E8BE-48F1-8CC1-CEBA3C37A5FE}.Debug|x64.Build.0 = Debug|x64
		{A95D12E7-E8BE-48F1-8CC1-CEBA3C37A5FE}.Debug|x86.ActiveCfg = Debug|Win32
		{A95D12E7-E8BE-48F1-8CC1-CEBA3C37A5FE}.Debug|x86.Build.0 = Debug|Win32
		{A95D12E7-E8BE-48F1-8CC1-CEBA3C37A5FE}.Release|x64.ActiveCfg = Release|x64
		{A95D12E7-E8BE-48F1-8CC1-CEBA3C37A5FE}.Release|x64.Build.0 = Release|x64
		{A95D12E7-E8BE-48F1-8CC1-CEBA3C37A5FE}.Release|x86.ActiveCfg = Release|Win32
		{A95D12E7-E8BE-48F1-8CC1-CEBA3C37A5FE}.Release|x86.Build.0 = Release|Win32
		{D3E46D9A-F8CF-4DE7-A092-FFBE9594079E}.Debug|x64.ActiveCfg = Debug|x64
		{D3E46D9A-F8CF-4DE7-A092-FFBE9594079E}.Debug|x64.Build.0 = Debug|x64
		{D3E46D9A-F8CF-4DE7-A092-FFBE9594079E}.Debug|x86.ActiveCfg = Debug|Win32
		{D3E46D9A-F8CF-4DE7-A092-FFBE9594079E}.Debug|x86.Build.0 = Debug|Win32
		{D3E46D9A-F8CF-4DE7-A092-FFBE9594079E}.Release|x64.ActiveCfg = Release|x64
		{D3E46D9A-F8CF-4DE7-A092-FFBE9594079E}.Release|x64.Build.0 = Release|x64
		{D3E46D9A-F8CF-4DE7-A092-FFBE9594079E}.Release|x86.ActiveCfg = Release|Win32
		{D3E46D9A-F8CF-4DE7-A092-FFBE9594079E}.Release|x86.Build.0 = Release|Win32
		{B0995CD0-7675-48CD-90A8-AD584A4E1A04}.Debug|x64.ActiveCfg = Debug|x64
		{B0995CD0-7675-48CD-90A8-AD584A4E1A04}.Debug|x64.Build.0 = Debug|x64
		{B0995CD0-7675-48CD-90A8-AD584A4E1A04}.Debug|x86.ActiveCfg = Debug|Win32
		{B0995CD0-7675-48CD-90A8-AD584A4E1A04}.Debug|x86.Build.0 = Debug|Win32
		{B0995CD0-7675-48CD-90A8-AD584A4E1A04}.Release|x64.ActiveCfg = Release|x64
		{B0995CD0-7675-48CD-90A8-AD584A4E1A04}.Release|x64.Build.0 = Release|x64
		{B0995CD0-7675-48CD-90A8-AD584A4E1A04}.Release|x86.ActiveCfg = Release|Win32
		{B0995CD0-7675-48CD-90A8-AD584A4E1A04}.Release|x86.Build.0 = Release|Win32
		{D3FABCDB-4967-4161-B929-B17617D4BB82}.Debug|x64.ActiveCfg = Debug|x64
		{D3FABCDB-4967-4161-B929-B17617D4BB82}.Debug|x64.Build.0 = Debug|x64
		{D3FABCDB-4967-4161-B929-B17617D4BB82}.Debug|x86.ActiveCfg = Debug|Win32
		{D3FABCDB-4967-4161-B929-B17617D4BB82}.Debug|x86.Build.0 = Debug|Win32
		{D3FABCDB-4967-4161-B929-B17617D4BB82}.Release|x64.ActiveCfg = Release|x64
		{D3FABCDB-4967-4161-B929-B17617D4BB82}.Release|x64.Build.0 = Release|x64
		{D3FABCDB-4967-4161-B929-B17617D4BB82}.Release|x86.ActiveCfg = Release|Win32
		{D3FABCDB-4967-4161-B929-B17617D4BB82}.Release|x86.Build.0 = Release|Win32
		{F4FFD354-4744-4564-A189-9A7313A23754}.Debug|x64.ActiveCfg = Debug|x64
		{F4FFD354-4744-4564-A189-9A7313A23754}.Debug|x64.Build.0 = Debug|x64
		{F4FFD354-4744-4564-A189-9A7313A23754}.Debug|x86.ActiveCfg = Debug|Win32
		{F4FFD354-4744-4564-A189-9A7313A23754}.Debug|x86.Build.0 = Debug|Win32
		{F4FFD354-4744-4564-A189-9A7313A23754}.Release|x64.ActiveCfg = Release|x64
		{F4FFD354-4744-4564-A189-9A7313A23754}.Release|x64.Build.0 = Release|x64
		{F4FFD354-4744-4564-A189-9A7313A23754}.Release|x86.ActiveCfg = Release|Win32
		{F4FFD354-4744-4564-A189-9A7313A23754}.Release|x86.Build.0 = Release|Win32
		{5409C873-2943-4B95-8D3A-5B8305F120C6}.Debug|x64.ActiveCfg = Debug|x64
		{5409C873-2943-4B95-8D3A-5B8305F120C6}.Debug|x64.Build.0 = Debug|x64
		{5409C873-2943-4B95-8D3A-5B8305F120C6}.Debug|x86.ActiveCfg = Debug|Win32
		{5409C873-2943-4B95-8D3A-5B8305F120C6}.Debug|x86.Build.0 = Debug|Win32
		{5409C873-2943-4B95-8D3A-5B8305F120C6}.Release|x64.ActiveCfg = Release|x64
		{5409C873-2943-4B95-8D3A-5B8305F120C6}.Release|x64.Build.0 = Release|x64
		{5409C873-2943-4B95-8D3A-5B8305F120C6}.Release|x86.ActiveCfg = Release|Win32
		{5409C873-2943-4B95-8D3A-5B8305F120C6}.Release|x86.Build.0 = Release|Win32
		{E57A5A88-B814-405F-A924-4C7B2BDBB47F}.Debug|x64.ActiveCfg = Debug|x64
		{E57A5A88-B814-405F-A924-4C7B2BDBB47F}.Debug|x64.Build.0 = Debug|x64
		{E57A5A88-B814-405F-A924-4C7B2BDBB47F}.Debug|x86.ActiveCfg = Debug|Win32
		{E57A5A88-B814-405F-A924-4C7B2BDBB47F}.Debug|x86.Build.0 = Debug|Win32
		{E57A5A88-B814-405F-A924-4C7B2BDBB47F}.Release|x64.ActiveCfg = Release|x64
		{E57A5A88-B814-405F-A924-4C7B2BDBB47F}.Release|x64.Build.0 = Release|x64
		{E57A5A88-B814-405F-A924-4C7B2BDBB47F}.Release|x86.ActiveCfg = Release|Win32
		{E57A5A88-B814-405F-A924-4C7B2BDBB47F}.Release|x86.Build.0 = Release|Win32
		{B64A70A8-69C4-486F-9950-ED5EF36D116F}.Debug|x64.ActiveCfg = Debug|x64
		{B64A70A8-69C4-486F-9950-ED5EF36D116F}.Debug|x64.Build.0 = Debug|x64
		{B64A70A8-69C4-486F-9950-ED5EF36D116F}.Debug|x86.ActiveCfg = Debug|Win32
		{B64A70A8-69C4-486F-9950-ED5EF36D116F}.Debug|x86.Build.0 = Debug|Win32
		{B64A70A8-69C4-486F-9950-ED5EF36D116F}.Release|x64.ActiveCfg = Release|x64
		{B64A70A8-69C4-486F-9950-ED5EF36D116F}.Release|x64.Build.0 = Release|x64
		{B64A70A8-69C4-486F-9950-ED5EF36D116F}.Release|x86.ActiveCfg = Release|Win32
		{B64A70A8-69C4-486F-9950-ED5EF36D116F}.Release|x86.Build.0 = Release|Win32
		{3D64DE99-9FC1-4052-AAD8-97FC31BF41DF}.Debug|x64.ActiveCfg = Debug|x64
		{3D64DE99-9FC1-4052-AAD8-97FC31BF41DF}.Debug|x64.Build.0 = Debug|x64
		{3D64DE99-9FC1-4052-AAD8-97FC31BF41DF}.Debug|x86.ActiveCfg = Debug|Win32
		{3D64DE99-9FC1-4052-AAD8-97FC31BF41DF}.Debug|x86.Build.0 = Debug|Win32
		{3D64DE99-9FC1-4052-AAD8-97FC31BF41DF}.Release|x64.ActiveCfg = Release|x64
		{3D64DE99-9FC1-4052-AAD8-97FC31BF41DF}.Release|x64.Build.0 = Release|x64
		{3D64DE99-9FC1-4052-AAD8-97FC31BF41DF}.Release|x86.ActiveCfg = Release|Win32
		{3D64DE99-9FC1-4052-AAD8-97FC31BF41DF}.Release|x86.Build.0 = Release|Win32
		{29C121C9-4F6C-47ED-B52D-E151BC76425D}.Debug|x64.ActiveCfg = Debug|x64
		{29C121C9-4F6C-47ED-B52D-E151BC76425D}.Debug|x64.Build.0 = Debug|x64
		{29C121C9-4F6C-47ED-B52D-E151BC76425D}.Debug|x86.ActiveCfg = Debug|Win32
		{29C121C9-4F6C-47ED-B52D-E151BC76425D}.Debug|x86.Build.0 = Debug|Win32
		{29C121C9-4F6C-47ED-B52D-E151BC76425D}.Release|x64.ActiveCfg = Release|x64
		{29C121C9-4F6C-47ED-B52D-E151BC76425D}.Release|x64.Build.0 = Release|x64
		{29C121C9-4F6C-47ED-B52D-E151BC76425D}.Release|x86.ActiveCfg = Release|Win32
		{29C121C9-4F6C-47ED-B52D-E151BC76425D}.Release|x86.Build.0 = Release|Win32
		{BDFFFD59-8B08-4AED-9DA7-22D1EDB5C5F0}.Debug|x64.ActiveCfg = Debug|x64
		{BDFFFD59-8B08-4AED-9DA7-22D1EDB5C5F0}.Debug|x64.Build.0 = Debug|x64
		{BDFFFD59-8B08-4AED-9DA7-22D1EDB5C5F0}.Debug|x86.ActiveCfg = Debug|Win32
		{BDFFFD59-8B08-4AED-9DA7-22D1EDB5C5F0}.Debug|x86.Build.0 = Debug|Win32
		{BDFFFD59-8B08-4AED-9DA7-22D1EDB5C5F0}.Release|x64.ActiveCfg = Release|x64
		{BDFFFD59-8B08-4AED-9DA7-22D1EDB5C5F0}.Release|x64.Build.0 = Release|x64
		{BDFFFD59-8B08-4AED-9DA7-22D1EDB5C5F0}.Release|x86.ActiveCfg = Release|Win32
		{BDFFFD59-8B08-4AED-9DA7-22D1EDB5C5F0}.Release|x86.Build.0 = Release|Win32
		{2A5811CF-EA4E-4AD3-88F4-015EBF368592}.Debug|x64.ActiveCfg = Debug|x64
		{2A5811CF-EA4E-4AD3-88F4-015EBF368592}.Debug|x64.Build.0 = Debug|x64
		{2A5811CF-EA4E-4AD3-88F4-015EBF368592}.Debug|x86.ActiveCfg = Debug|Win32
		{2A5811CF-EA4E-4AD3-88F4-015EBF368592}.Debug|x86.Build.0 = Debug|Win32
		{2A5811CF-EA4E-4AD3-88F4-015EBF368592}.Release|x64.ActiveCfg = Release|x64
		{2A5811CF-EA4E-4AD3-88F4-015EBF368592}.Release|x64.Build.0 = Release|x64
		{2A5811CF-EA4E-4AD3-88F4-015EBF368592}.Release|x86.ActiveCfg = Release|Win32
		{2A5811CF-EA4E-4AD3-88F4-015EBF368592}.Release|x86.Build.0 = Release|Win32
	EndGlobalSection
	GlobalSection(SolutionProperties) = preSolution
		HideSolutionNode = FALSE
	EndGlobalSection
	GlobalSection(NestedProjects) = preSolution
		{205FA360-9649-4928-92D6-1E9B3F0A0B9E} = {02EA681E-C7D8-13C7-8484-4AC65E1B71E8}
		{0F5BE2BC-48F5-40DF-926A-5FFCA46FA0AE} = {1BA15253-6E08-4ACC-AA83-3225DEA45B87}
		{1642BA96-6445-424A-809F-34E6652F5A40} = {02EA681E-C7D8-13C7-8484-4AC65E1B71E8}
		{A95D12E7-E8BE-48F1-8CC1-CEBA3C37A5FE} = {1642BA96-6445-424A-809F-34E6652F5A40}
		{D3E46D9A-F8CF-4DE7-A092-FFBE9594079E} = {1642BA96-6445-424A-809F-34E6652F5A40}
		{B0995CD0-7675-48CD-90A8-AD584A4E1A04} = {C1104179-D58E-4830-8C1F-B527E94E6800}
		{D3FABCDB-4967-4161-B929-B17617D4BB82} = {1642BA96-6445-424A-809F-34E6652F5A40}
		{F4FFD354-4744-4564-A189-9A7313A23754} = {1642BA96-6445-424A-809F-34E6652F5A40}
		{5409C873-2943-4B95-8D3A-5B8305F120C6} = {1642BA96-6445-424A-809F-34E6652F5A40}
		{E57A5A88-B814-405F-A924-4C7B2BDBB47F} = {1642BA96-6445-424A-809F-34E6652F5A40}
		{B64A70A8-69C4-486F-9950-ED5EF36D116F} = {C1104179-D58E-4830-8C1F-B527E94E6800}
		{3D64DE99-9FC1-4052-AAD8-97FC31BF41DF} = {C1104179-D58E-4830-8C1F-B527E94E6800}
		{29C121C9-4F6C-47ED-B52D-E151BC76425D} = {C1104179-D58E-4830-8C1F-B527E94E6800}
		{BDFFFD59-8B08-4AED-9DA7-22D1EDB5C5F0} = {C1104179-D58E-4830-8C1F-B527E94E6800}
		{2A5811CF-EA4E-4AD3-88F4-015EBF368592} = {C1104179-D58E-4830-8C1F-B527E94E6800}
	EndGlobalSection
	GlobalSection(ExtensibilityGlobals) = postSolution
		SolutionGuid = {964F8A38-75AA-4C4E-898D-CAC2B108B674}
	EndGlobalSection
EndGlobal
