
Microsoft Visual Studio Solution File, Format Version 12.00
# Visual Studio Version 17
VisualStudioVersion = 17.14.37216.2
MinimumVisualStudioVersion = 10.0.40219.1
Project("{2150E333-8FDC-42A3-9474-1A3956D46DE8}") = "Engine", "Engine", "{02EA681E-C7D8-13C7-8484-4AC65E1B71E8}"
EndProject
Project("{8BC9CEB8-8B4A-11D0-8D11-00A0C91BC942}") = "ForestPearlEngine", "Engine\ForestPearlEngine\ForestPearlEngine.vcxproj", "{205FA360-9649-4928-92D6-1E9B3F0A0B9E}"
EndProject
Project("{2150E333-8FDC-42A3-9474-1A3956D46DE8}") = "Games", "Games", "{C1104179-D58E-4830-8C1F-B527E94E6800}"
EndProject
Project("{2150E333-8FDC-42A3-9474-1A3956D46DE8}") = "Runners", "Runners", "{1BA15253-6E08-4ACC-AA83-3225DEA45B87}"
EndProject
Project("{8BC9CEB8-8B4A-11D0-8D11-00A0C91BC942}") = "Runner", "Runners\Runner\Runner.vcxproj", "{0F5BE2BC-48F5-40DF-926A-5FFCA46FA0AE}"
EndProject
Project("{2150E333-8FDC-42A3-9474-1A3956D46DE8}") = "Release", "Release", "{32DF7876-588A-48CE-A5AE-E24515381FD4}"
EndProject
Project("{2150E333-8FDC-42A3-9474-1A3956D46DE8}") = "Dev", "Dev", "{C63A9F7D-CA0F-4CF9-AC54-31D8D0B238D7}"
EndProject
Project("{8BC9CEB8-8B4A-11D0-8D11-00A0C91BC942}") = "Tri_World", "Games\Release_Game\Tri_World\Tri_World.vcxproj", "{874C49A3-FD56-4137-9CFA-A3BD1B70917E}"
EndProject
Global
	GlobalSection(SolutionConfigurationPlatforms) = preSolution
		Debug|x64 = Debug|x64
		Debug|x86 = Debug|x86
		Release|x64 = Release|x64
		Release|x86 = Release|x86
	EndGlobalSection
	GlobalSection(ProjectConfigurationPlatforms) = postSolution
		{205FA360-9649-4928-92D6-1E9B3F0A0B9E}.Debug|x64.ActiveCfg = Debug|x64
		{205FA360-9649-4928-92D6-1E9B3F0A0B9E}.Debug|x64.Build.0 = Debug|x64
		{205FA360-9649-4928-92D6-1E9B3F0A0B9E}.Debug|x86.ActiveCfg = Debug|Win32
		{205FA360-9649-4928-92D6-1E9B3F0A0B9E}.Debug|x86.Build.0 = Debug|Win32
		{205FA360-9649-4928-92D6-1E9B3F0A0B9E}.Release|x64.ActiveCfg = Release|x64
		{205FA360-9649-4928-92D6-1E9B3F0A0B9E}.Release|x64.Build.0 = Release|x64
		{205FA360-9649-4928-92D6-1E9B3F0A0B9E}.Release|x86.ActiveCfg = Release|Win32
		{205FA360-9649-4928-92D6-1E9B3F0A0B9E}.Release|x86.Build.0 = Release|Win32
		{0F5BE2BC-48F5-40DF-926A-5FFCA46FA0AE}.Debug|x64.ActiveCfg = Debug|x64
		{0F5BE2BC-48F5-40DF-926A-5FFCA46FA0AE}.Debug|x64.Build.0 = Debug|x64
		{0F5BE2BC-48F5-40DF-926A-5FFCA46FA0AE}.Debug|x86.ActiveCfg = Debug|Win32
		{0F5BE2BC-48F5-40DF-926A-5FFCA46FA0AE}.Debug|x86.Build.0 = Debug|Win32
		{0F5BE2BC-48F5-40DF-926A-5FFCA46FA0AE}.Release|x64.ActiveCfg = Release|x64
		{0F5BE2BC-48F5-40DF-926A-5FFCA46FA0AE}.Release|x64.Build.0 = Release|x64
		{0F5BE2BC-48F5-40DF-926A-5FFCA46FA0AE}.Release|x86.ActiveCfg = Release|Win32
		{0F5BE2BC-48F5-40DF-926A-5FFCA46FA0AE}.Release|x86.Build.0 = Release|Win32
		{874C49A3-FD56-4137-9CFA-A3BD1B70917E}.Debug|x64.ActiveCfg = Debug|x64
		{874C49A3-FD56-4137-9CFA-A3BD1B70917E}.Debug|x64.Build.0 = Debug|x64
		{874C49A3-FD56-4137-9CFA-A3BD1B70917E}.Debug|x86.ActiveCfg = Debug|Win32
		{874C49A3-FD56-4137-9CFA-A3BD1B70917E}.Debug|x86.Build.0 = Debug|Win32
		{874C49A3-FD56-4137-9CFA-A3BD1B70917E}.Release|x64.ActiveCfg = Release|x64
		{874C49A3-FD56-4137-9CFA-A3BD1B70917E}.Release|x64.Build.0 = Release|x64
		{874C49A3-FD56-4137-9CFA-A3BD1B70917E}.Release|x86.ActiveCfg = Release|Win32
		{874C49A3-FD56-4137-9CFA-A3BD1B70917E}.Release|x86.Build.0 = Release|Win32
	EndGlobalSection
	GlobalSection(SolutionProperties) = preSolution
		HideSolutionNode = FALSE
	EndGlobalSection
	GlobalSection(NestedProjects) = preSolution
		{205FA360-9649-4928-92D6-1E9B3F0A0B9E} = {02EA681E-C7D8-13C7-8484-4AC65E1B71E8}
		{0F5BE2BC-48F5-40DF-926A-5FFCA46FA0AE} = {1BA15253-6E08-4ACC-AA83-3225DEA45B87}
		{32DF7876-588A-48CE-A5AE-E24515381FD4} = {C1104179-D58E-4830-8C1F-B527E94E6800}
		{C63A9F7D-CA0F-4CF9-AC54-31D8D0B238D7} = {C1104179-D58E-4830-8C1F-B527E94E6800}
		{874C49A3-FD56-4137-9CFA-A3BD1B70917E} = {32DF7876-588A-48CE-A5AE-E24515381FD4}
	EndGlobalSection
	GlobalSection(ExtensibilityGlobals) = postSolution
		SolutionGuid = {964F8A38-75AA-4C4E-898D-CAC2B108B674}
	EndGlobalSection
EndGlobal
