<?xml version="1.0" encoding="utf-8"?>
<Project ToolsVersion="4.0" xmlns="http://schemas.microsoft.com/developer/msbuild/2003">
  <ItemGroup>
    <Filter Include="RenderingDevice">
      <UniqueIdentifier>{fde279a9-cc4f-47b1-aec3-e5e46f7faf90}</UniqueIdentifier>
    </Filter>
    <Filter Include="Core">
      <UniqueIdentifier>{30589f27-6918-48df-bd20-7692f697a806}</UniqueIdentifier>
    </Filter>
    <Filter Include="Define">
      <UniqueIdentifier>{1fee7c56-e7f0-4e33-8313-c20ceaf2e04d}</UniqueIdentifier>
    </Filter>
    <Filter Include="Debug">
      <UniqueIdentifier>{89748660-fc1e-47da-aa77-2a391180f13c}</UniqueIdentifier>
    </Filter>
    <Filter Include="VertexBuffer">
      <UniqueIdentifier>{146dd391-3d15-4f43-9c50-c5befaac80a9}</UniqueIdentifier>
    </Filter>
  </ItemGroup>
  <ItemGroup>
    <ClInclude Include="Core\mcGUID.h">
      <Filter>Core</Filter>
    </ClInclude>
    <ClInclude Include="Core\mcUnknownbase.h">
      <Filter>Core</Filter>
    </ClInclude>
    <ClInclude Include="Core\mcB3Class.h">
      <Filter>Define</Filter>
    </ClInclude>
    <ClInclude Include="Define\mcB3Class.h">
      <Filter>Define</Filter>
    </ClInclude>
    <ClInclude Include="Define\mcDefine.h">
      <Filter>Define</Filter>
    </ClInclude>
    <ClInclude Include="Define\mcMath.h">
      <Filter>Define</Filter>
    </ClInclude>
    <ClInclude Include="Debug\mcError.h">
      <Filter>Debug</Filter>
    </ClInclude>
    <ClInclude Include="RenderingDevice\mcB3Graphics.h">
      <Filter>RenderingDevice</Filter>
    </ClInclude>
    <ClInclude Include="RenderingDevice\mcx9.h">
      <Filter>RenderingDevice</Filter>
    </ClInclude>
    <ClInclude Include="RenderingDevice\mcx9types.h">
      <Filter>RenderingDevice</Filter>
    </ClInclude>
    <ClInclude Include="VertexBuffer\mcB3VertexBuffer.h">
      <Filter>VertexBuffer</Filter>
    </ClInclude>
    <ClInclude Include="Device.h" />
    <ClInclude Include="MIA.h" />
    <ClInclude Include="Render.h" />
  </ItemGroup>
  <ItemGroup>
    <ClCompile Include="Core\mcGUID.cpp">
      <Filter>Core</Filter>
    </ClCompile>
    <ClCompile Include="Define\mcMath.cpp">
      <Filter>Define</Filter>
    </ClCompile>
    <ClCompile Include="Debug\mcError.cpp">
      <Filter>Debug</Filter>
    </ClCompile>
    <ClCompile Include="RenderingDevice\mcB3Graphics.cpp">
      <Filter>RenderingDevice</Filter>
    </ClCompile>
    <ClCompile Include="VertexBuffer\mcB3VertexBuffer.cpp">
      <Filter>VertexBuffer</Filter>
    </ClCompile>
    <ClCompile Include="Device.cpp" />
    <ClCompile Include="MIA.cpp" />
    <ClCompile Include="Render.cpp" />
  </ItemGroup>
</Project>