<?xml version="1.0" encoding="utf-8"?>
<Project ToolsVersion="4.0" xmlns="http://schemas.microsoft.com/developer/msbuild/2003">
  <ItemGroup>
    <Filter Include="Source Files">
      <UniqueIdentifier>{4FC737F1-C7A5-4376-A066-2A32D752A2FF}</UniqueIdentifier>
      <Extensions>cpp;c;cc;cxx;c++;cppm;ixx;def;odl;idl;hpj;bat;asm;asmx</Extensions>
    </Filter>
    <Filter Include="Header Files">
      <UniqueIdentifier>{93995380-89BD-4b04-88EB-625FBE52EBFB}</UniqueIdentifier>
      <Extensions>h;hh;hpp;hxx;h++;hm;inl;inc;ipp;xsd</Extensions>
    </Filter>
    <Filter Include="Resource Files">
      <UniqueIdentifier>{67DA6AB6-F800-4c08-8B7A-83BB121AAD01}</UniqueIdentifier>
      <Extensions>rc;ico;cur;bmp;dlg;rc2;rct;bin;rgs;gif;jpg;jpeg;jpe;resx;tiff;tif;png;wav;mfcribbon-ms</Extensions>
    </Filter>
    <Filter Include="Level">
      <UniqueIdentifier>{63bc1f88-7567-4d43-8e68-474467e18bff}</UniqueIdentifier>
    </Filter>
    <Filter Include="Assets">
      <UniqueIdentifier>{d49b3835-9ce3-4fd1-bec1-614104b04a4c}</UniqueIdentifier>
    </Filter>
    <Filter Include="Assets\Shader">
      <UniqueIdentifier>{dd79e454-4509-4f95-a147-e32797327204}</UniqueIdentifier>
    </Filter>
    <Filter Include="Assets\StaticMesh">
      <UniqueIdentifier>{f562b373-3b75-433f-bfe5-9099879da954}</UniqueIdentifier>
    </Filter>
  </ItemGroup>
  <ItemGroup>
    <ClInclude Include="UI.h">
      <Filter>Header Files</Filter>
    </ClInclude>
    <ClInclude Include="Player.h">
      <Filter>Header Files</Filter>
    </ClInclude>
    <ClInclude Include="GameMode.h">
      <Filter>Header Files</Filter>
    </ClInclude>
    <ClInclude Include="GameController.h">
      <Filter>Header Files</Filter>
    </ClInclude>
    <ClInclude Include="Grid.h">
      <Filter>Header Files</Filter>
    </ClInclude>
    <ClInclude Include="Axis.h">
      <Filter>Header Files</Filter>
    </ClInclude>
    <ClInclude Include="Terrain.h">
      <Filter>Header Files</Filter>
    </ClInclude>
    <ClInclude Include="Tree.h">
      <Filter>Header Files</Filter>
    </ClInclude>
    <ClInclude Include="Windmill.h">
      <Filter>Header Files</Filter>
    </ClInclude>
    <ClInclude Include="WindmillWing.h">
      <Filter>Header Files</Filter>
    </ClInclude>
    <ClInclude Include="TripleWindmillWing.h">
      <Filter>Header Files</Filter>
    </ClInclude>
  </ItemGroup>
  <ItemGroup>
    <ClCompile Include="UI.cpp">
      <Filter>Source Files</Filter>
    </ClCompile>
    <ClCompile Include="Player.cpp">
      <Filter>Source Files</Filter>
    </ClCompile>
    <ClCompile Include="GameProjectLoader.cpp">
      <Filter>Source Files</Filter>
    </ClCompile>
    <ClCompile Include="GameMode.cpp">
      <Filter>Source Files</Filter>
    </ClCompile>
    <ClCompile Include="GameController.cpp">
      <Filter>Source Files</Filter>
    </ClCompile>
    <ClCompile Include="Grid.cpp">
      <Filter>Source Files</Filter>
    </ClCompile>
    <ClCompile Include="Axis.cpp">
      <Filter>Source Files</Filter>
    </ClCompile>
    <ClCompile Include="Terrain.cpp">
      <Filter>Source Files</Filter>
    </ClCompile>
    <ClCompile Include="Tree.cpp">
      <Filter>Source Files</Filter>
    </ClCompile>
    <ClCompile Include="Windmill.cpp">
      <Filter>Source Files</Filter>
    </ClCompile>
    <ClCompile Include="WindmillWing.cpp">
      <Filter>Source Files</Filter>
    </ClCompile>
    <ClCompile Include="TripleWindmillWing.cpp">
      <Filter>Source Files</Filter>
    </ClCompile>
  </ItemGroup>
  <ItemGroup>
    <None Include="Assets\Level\Triworld.json">
      <Filter>Level</Filter>
    </None>
    <None Include="Assets\StaticMesh\ToonLinkTriangle_StaticMesh.json">
      <Filter>Assets\StaticMesh</Filter>
    </None>
    <None Include="Assets\StaticMesh\ToonLink_StaticMesh.json">
      <Filter>Assets\StaticMesh</Filter>
    </None>
    <None Include="Assets\StaticMesh\Windmill_Body_StaticMesh.json">
      <Filter>Assets\StaticMesh</Filter>
    </None>
    <None Include="Assets\StaticMesh\Windmill_Wing_StaticMesh.json">
      <Filter>Assets\StaticMesh</Filter>
    </None>
    <None Include="Assets\StaticMesh\Tree_StaticMesh.json">
      <Filter>Assets\StaticMesh</Filter>
    </None>
  </ItemGroup>
</Project>